
Microsoft Visual Studio Solution File, Format Version 12.00
# Visual Studio Version 16
VisualStudioVersion = 16.0.30907.101
MinimumVisualStudioVersion = 10.0.40219.1
Project("{FAE04EC0-301F-11D3-BF4B-00C04F79EFBC}") = "LembreteBeberAgua", "LembreteBeberAgua\LembreteBeberAgua.csproj", "{3BA33025-552D-4078-99E0-67C58F439ADF}"
EndProject
Global
	GlobalSection(SolutionConfigurationPlatforms) = preSolution
		Debug|Any CPU = Debug|Any CPU
		Release|Any CPU = Release|Any CPU
	EndGlobalSection
	GlobalSection(ProjectConfigurationPlatforms) = postSolution
		{3BA33025-552D-4078-99E0-67C58F439ADF}.Debug|Any CPU.ActiveCfg = Release|Any CPU
		{3BA33025-552D-4078-99E0-67C58F439ADF}.Debug|Any CPU.Build.0 = Release|Any CPU
		{3BA33025-552D-4078-99E0-67C58F439ADF}.Release|Any CPU.ActiveCfg = Release|Any CPU
		{3BA33025-552D-4078-99E0-67C58F439ADF}.Release|Any CPU.Build.0 = Release|Any CPU
	EndGlobalSection
	GlobalSection(SolutionProperties) = preSolution
		HideSolutionNode = FALSE
	EndGlobalSection
	GlobalSection(ExtensibilityGlobals) = postSolution
		SolutionGuid = {7B3F7048-1BD1-4314-AF59-2A2F8B16E018}
	EndGlobalSection
EndGlobal
